// !$*UTF8*$!
{
	archiveVersion = 1;
	classes = {
	};
	objectVersion = 50;
	objects = {

/* Begin PBXBuildFile section */
		0709E90D22143D9400B7FCC8 /* Keys.swift in Sources */ = {isa = PBXBuildFile; fileRef = 0709E90C22143D9400B7FCC8 /* Keys.swift */; };
		0709E91122143E9100B7FCC8 /* GMViewController.swift in Sources */ = {isa = PBXBuildFile; fileRef = 0709E91022143E9100B7FCC8 /* GMViewController.swift */; };
		07A0E11221E7189E00D596E4 /* AppDelegate.swift in Sources */ = {isa = PBXBuildFile; fileRef = 07A0E11121E7189E00D596E4 /* AppDelegate.swift */; };
		07A0E11721E7189E00D596E4 /* Main.storyboard in Resources */ = {isa = PBXBuildFile; fileRef = 07A0E11521E7189E00D596E4 /* Main.storyboard */; };
		07A0E11921E718A000D596E4 /* Assets.xcassets in Resources */ = {isa = PBXBuildFile; fileRef = 07A0E11821E718A000D596E4 /* Assets.xcassets */; };
		07A0E11C21E718A000D596E4 /* LaunchScreen.storyboard in Resources */ = {isa = PBXBuildFile; fileRef = 07A0E11A21E718A000D596E4 /* LaunchScreen.storyboard */; };
		07A0E12721E718A000D596E4 /* hanasaka_timesTests.swift in Sources */ = {isa = PBXBuildFile; fileRef = 07A0E12621E718A000D596E4 /* hanasaka_timesTests.swift */; };
		07A0E13221E718A000D596E4 /* hanasaka_timesUITests.swift in Sources */ = {isa = PBXBuildFile; fileRef = 07A0E13121E718A000D596E4 /* hanasaka_timesUITests.swift */; };
		1BE1BD325BAB333C3B83F90E /* Pods_hanasaka_times.framework in Frameworks */ = {isa = PBXBuildFile; fileRef = 1F327F333A508AC7551829A2 /* Pods_hanasaka_times.framework */; };
		2677DCDBEFB8B20D10993347 /* Pods_hanasaka_timesTests.framework in Frameworks */ = {isa = PBXBuildFile; fileRef = F90466C170F2CBF55AEBF637 /* Pods_hanasaka_timesTests.framework */; };
		51EC91759C69447A361A4967 /* Pods_hanasaka_timesUITests.framework in Frameworks */ = {isa = PBXBuildFile; fileRef = 47042F3DBD0CD8DFCC82ECAD /* Pods_hanasaka_timesUITests.framework */; };
/* End PBXBuildFile section */

/* Begin PBXContainerItemProxy section */
		07A0E12321E718A000D596E4 /* PBXContainerItemProxy */ = {
			isa = PBXContainerItemProxy;
			containerPortal = 07A0E10621E7189E00D596E4 /* Project object */;
			proxyType = 1;
			remoteGlobalIDString = 07A0E10D21E7189E00D596E4;
			remoteInfo = hanasaka_times;
		};
		07A0E12E21E718A000D596E4 /* PBXContainerItemProxy */ = {
			isa = PBXContainerItemProxy;
			containerPortal = 07A0E10621E7189E00D596E4 /* Project object */;
			proxyType = 1;
			remoteGlobalIDString = 07A0E10D21E7189E00D596E4;
			remoteInfo = hanasaka_times;
		};
/* End PBXContainerItemProxy section */

/* Begin PBXFileReference section */
		0709E90C22143D9400B7FCC8 /* Keys.swift */ = {isa = PBXFileReference; lastKnownFileType = sourcecode.swift; path = Keys.swift; sourceTree = "<group>"; };
		0709E91022143E9100B7FCC8 /* GMViewController.swift */ = {isa = PBXFileReference; lastKnownFileType = sourcecode.swift; path = GMViewController.swift; sourceTree = "<group>"; };
		07A0E10E21E7189E00D596E4 /* hanasaka_times.app */ = {isa = PBXFileReference; explicitFileType = wrapper.application; includeInIndex = 0; path = hanasaka_times.app; sourceTree = BUILT_PRODUCTS_DIR; };
		07A0E11121E7189E00D596E4 /* AppDelegate.swift */ = {isa = PBXFileReference; lastKnownFileType = sourcecode.swift; path = AppDelegate.swift; sourceTree = "<group>"; };
		07A0E11621E7189E00D596E4 /* Base */ = {isa = PBXFileReference; lastKnownFileType = file.storyboard; name = Base; path = Base.lproj/Main.storyboard; sourceTree = "<group>"; };
		07A0E11821E718A000D596E4 /* Assets.xcassets */ = {isa = PBXFileReference; lastKnownFileType = folder.assetcatalog; path = Assets.xcassets; sourceTree = "<group>"; };
		07A0E11B21E718A000D596E4 /* Base */ = {isa = PBXFileReference; lastKnownFileType = file.storyboard; name = Base; path = Base.lproj/LaunchScreen.storyboard; sourceTree = "<group>"; };
		07A0E11D21E718A000D596E4 /* Info.plist */ = {isa = PBXFileReference; lastKnownFileType = text.plist.xml; path = Info.plist; sourceTree = "<group>"; };
		07A0E12221E718A000D596E4 /* hanasaka_timesTests.xctest */ = {isa = PBXFileReference; explicitFileType = wrapper.cfbundle; includeInIndex = 0; path = hanasaka_timesTests.xctest; sourceTree = BUILT_PRODUCTS_DIR; };
		07A0E12621E718A000D596E4 /* hanasaka_timesTests.swift */ = {isa = PBXFileReference; lastKnownFileType = sourcecode.swift; path = hanasaka_timesTests.swift; sourceTree = "<group>"; };
		07A0E12821E718A000D596E4 /* Info.plist */ = {isa = PBXFileReference; lastKnownFileType = text.plist.xml; path = Info.plist; sourceTree = "<group>"; };
		07A0E12D21E718A000D596E4 /* hanasaka_timesUITests.xctest */ = {isa = PBXFileReference; explicitFileType = wrapper.cfbundle; includeInIndex = 0; path = hanasaka_timesUITests.xctest; sourceTree = BUILT_PRODUCTS_DIR; };
		07A0E13121E718A000D596E4 /* hanasaka_timesUITests.swift */ = {isa = PBXFileReference; lastKnownFileType = sourcecode.swift; path = hanasaka_timesUITests.swift; sourceTree = "<group>"; };
		07A0E13321E718A000D596E4 /* Info.plist */ = {isa = PBXFileReference; lastKnownFileType = text.plist.xml; path = Info.plist; sourceTree = "<group>"; };
		1F327F333A508AC7551829A2 /* Pods_hanasaka_times.framework */ = {isa = PBXFileReference; explicitFileType = wrapper.framework; includeInIndex = 0; path = Pods_hanasaka_times.framework; sourceTree = BUILT_PRODUCTS_DIR; };
		3B1A28967100B17C77C16089 /* Pods-hanasaka_timesTests.release.xcconfig */ = {isa = PBXFileReference; includeInIndex = 1; lastKnownFileType = text.xcconfig; name = "Pods-hanasaka_timesTests.release.xcconfig"; path = "Pods/Target Support Files/Pods-hanasaka_timesTests/Pods-hanasaka_timesTests.release.xcconfig"; sourceTree = "<group>"; };
		47042F3DBD0CD8DFCC82ECAD /* Pods_hanasaka_timesUITests.framework */ = {isa = PBXFileReference; explicitFileType = wrapper.framework; includeInIndex = 0; path = Pods_hanasaka_timesUITests.framework; sourceTree = BUILT_PRODUCTS_DIR; };
		4E2FD69754280A11FD73BA4F /* Pods-hanasaka_times.debug.xcconfig */ = {isa = PBXFileReference; includeInIndex = 1; lastKnownFileType = text.xcconfig; name = "Pods-hanasaka_times.debug.xcconfig"; path = "Pods/Target Support Files/Pods-hanasaka_times/Pods-hanasaka_times.debug.xcconfig"; sourceTree = "<group>"; };
		52926CA93D3DCEDF135E17A8 /* Pods-hanasaka_timesUITests.release.xcconfig */ = {isa = PBXFileReference; includeInIndex = 1; lastKnownFileType = text.xcconfig; name = "Pods-hanasaka_timesUITests.release.xcconfig"; path = "Pods/Target Support Files/Pods-hanasaka_timesUITests/Pods-hanasaka_timesUITests.release.xcconfig"; sourceTree = "<group>"; };
		76A0BB4D5FF96B70142D1383 /* Pods-hanasaka_timesTests.debug.xcconfig */ = {isa = PBXFileReference; includeInIndex = 1; lastKnownFileType = text.xcconfig; name = "Pods-hanasaka_timesTests.debug.xcconfig"; path = "Pods/Target Support Files/Pods-hanasaka_timesTests/Pods-hanasaka_timesTests.debug.xcconfig"; sourceTree = "<group>"; };
		B0FCBC063FDB92AF156C3FC7 /* Pods-hanasaka_times.release.xcconfig */ = {isa = PBXFileReference; includeInIndex = 1; lastKnownFileType = text.xcconfig; name = "Pods-hanasaka_times.release.xcconfig"; path = "Pods/Target Support Files/Pods-hanasaka_times/Pods-hanasaka_times.release.xcconfig"; sourceTree = "<group>"; };
		F90466C170F2CBF55AEBF637 /* Pods_hanasaka_timesTests.framework */ = {isa = PBXFileReference; explicitFileType = wrapper.framework; includeInIndex = 0; path = Pods_hanasaka_timesTests.framework; sourceTree = BUILT_PRODUCTS_DIR; };
		F9E78D95B58B7D268B2FFB3F /* Pods-hanasaka_timesUITests.debug.xcconfig */ = {isa = PBXFileReference; includeInIndex = 1; lastKnownFileType = text.xcconfig; name = "Pods-hanasaka_timesUITests.debug.xcconfig"; path = "Pods/Target Support Files/Pods-hanasaka_timesUITests/Pods-hanasaka_timesUITests.debug.xcconfig"; sourceTree = "<group>"; };
/* End PBXFileReference section */

/* Begin PBXFrameworksBuildPhase section */
		07A0E10B21E7189E00D596E4 /* Frameworks */ = {
			isa = PBXFrameworksBuildPhase;
			buildActionMask = 2147483647;
			files = (
				1BE1BD325BAB333C3B83F90E /* Pods_hanasaka_times.framework in Frameworks */,
			);
			runOnlyForDeploymentPostprocessing = 0;
		};
		07A0E11F21E718A000D596E4 /* Frameworks */ = {
			isa = PBXFrameworksBuildPhase;
			buildActionMask = 2147483647;
			files = (
				2677DCDBEFB8B20D10993347 /* Pods_hanasaka_timesTests.framework in Frameworks */,
			);
			runOnlyForDeploymentPostprocessing = 0;
		};
		07A0E12A21E718A000D596E4 /* Frameworks */ = {
			isa = PBXFrameworksBuildPhase;
			buildActionMask = 2147483647;
			files = (
				51EC91759C69447A361A4967 /* Pods_hanasaka_timesUITests.framework in Frameworks */,
			);
			runOnlyForDeploymentPostprocessing = 0;
		};
/* End PBXFrameworksBuildPhase section */

/* Begin PBXGroup section */
		07A0E10521E7189E00D596E4 = {
			isa = PBXGroup;
			children = (
				07A0E11021E7189E00D596E4 /* hanasaka_times */,
				07A0E12521E718A000D596E4 /* hanasaka_timesTests */,
				07A0E13021E718A000D596E4 /* hanasaka_timesUITests */,
				07A0E10F21E7189E00D596E4 /* Products */,
				0E54E1F4F236C7EA11E62C00 /* Pods */,
				3DBD429CE8911B28EA61D109 /* Frameworks */,
			);
			sourceTree = "<group>";
		};
		07A0E10F21E7189E00D596E4 /* Products */ = {
			isa = PBXGroup;
			children = (
				07A0E10E21E7189E00D596E4 /* hanasaka_times.app */,
				07A0E12221E718A000D596E4 /* hanasaka_timesTests.xctest */,
				07A0E12D21E718A000D596E4 /* hanasaka_timesUITests.xctest */,
			);
			name = Products;
			sourceTree = "<group>";
		};
		07A0E11021E7189E00D596E4 /* hanasaka_times */ = {
			isa = PBXGroup;
			children = (
				07A0E11121E7189E00D596E4 /* AppDelegate.swift */,
				07A0E11521E7189E00D596E4 /* Main.storyboard */,
				07A0E11821E718A000D596E4 /* Assets.xcassets */,
				07A0E11A21E718A000D596E4 /* LaunchScreen.storyboard */,
				07A0E11D21E718A000D596E4 /* Info.plist */,
				0709E90C22143D9400B7FCC8 /* Keys.swift */,
				0709E91022143E9100B7FCC8 /* GMViewController.swift */,
			);
			path = hanasaka_times;
			sourceTree = "<group>";
		};
		07A0E12521E718A000D596E4 /* hanasaka_timesTests */ = {
			isa = PBXGroup;
			children = (
				07A0E12621E718A000D596E4 /* hanasaka_timesTests.swift */,
				07A0E12821E718A000D596E4 /* Info.plist */,
			);
			path = hanasaka_timesTests;
			sourceTree = "<group>";
		};
		07A0E13021E718A000D596E4 /* hanasaka_timesUITests */ = {
			isa = PBXGroup;
			children = (
				07A0E13121E718A000D596E4 /* hanasaka_timesUITests.swift */,
				07A0E13321E718A000D596E4 /* Info.plist */,
			);
			path = hanasaka_timesUITests;
			sourceTree = "<group>";
		};
		0E54E1F4F236C7EA11E62C00 /* Pods */ = {
			isa = PBXGroup;
			children = (
				4E2FD69754280A11FD73BA4F /* Pods-hanasaka_times.debug.xcconfig */,
				B0FCBC063FDB92AF156C3FC7 /* Pods-hanasaka_times.release.xcconfig */,
				76A0BB4D5FF96B70142D1383 /* Pods-hanasaka_timesTests.debug.xcconfig */,
				3B1A28967100B17C77C16089 /* Pods-hanasaka_timesTests.release.xcconfig */,
				F9E78D95B58B7D268B2FFB3F /* Pods-hanasaka_timesUITests.debug.xcconfig */,
				52926CA93D3DCEDF135E17A8 /* Pods-hanasaka_timesUITests.release.xcconfig */,
			);
			name = Pods;
			sourceTree = "<group>";
		};
		3DBD429CE8911B28EA61D109 /* Frameworks */ = {
			isa = PBXGroup;
			children = (
				1F327F333A508AC7551829A2 /* Pods_hanasaka_times.framework */,
				F90466C170F2CBF55AEBF637 /* Pods_hanasaka_timesTests.framework */,
				47042F3DBD0CD8DFCC82ECAD /* Pods_hanasaka_timesUITests.framework */,
			);
			name = Frameworks;
			sourceTree = "<group>";
		};
/* End PBXGroup section */

/* Begin PBXNativeTarget section */
		07A0E10D21E7189E00D596E4 /* hanasaka_times */ = {
			isa = PBXNativeTarget;
			buildConfigurationList = 07A0E13621E718A000D596E4 /* Build configuration list for PBXNativeTarget "hanasaka_times" */;
			buildPhases = (
				C3F3675A4C7ADA2F390B3F85 /* [CP] Check Pods Manifest.lock */,
				07A0E10A21E7189E00D596E4 /* Sources */,
				07A0E10B21E7189E00D596E4 /* Frameworks */,
				07A0E10C21E7189E00D596E4 /* Resources */,
				9A39EC061F92CB626A55F596 /* [CP] Copy Pods Resources */,
			);
			buildRules = (
			);
			dependencies = (
			);
			name = hanasaka_times;
			productName = hanasaka_times;
			productReference = 07A0E10E21E7189E00D596E4 /* hanasaka_times.app */;
			productType = "com.apple.product-type.application";
		};
		07A0E12121E718A000D596E4 /* hanasaka_timesTests */ = {
			isa = PBXNativeTarget;
			buildConfigurationList = 07A0E13921E718A000D596E4 /* Build configuration list for PBXNativeTarget "hanasaka_timesTests" */;
			buildPhases = (
				CCA2D9669CAA0EFE0B4CCCB6 /* [CP] Check Pods Manifest.lock */,
				07A0E11E21E718A000D596E4 /* Sources */,
				07A0E11F21E718A000D596E4 /* Frameworks */,
				07A0E12021E718A000D596E4 /* Resources */,
			);
			buildRules = (
			);
			dependencies = (
				07A0E12421E718A000D596E4 /* PBXTargetDependency */,
			);
			name = hanasaka_timesTests;
			productName = hanasaka_timesTests;
			productReference = 07A0E12221E718A000D596E4 /* hanasaka_timesTests.xctest */;
			productType = "com.apple.product-type.bundle.unit-test";
		};
		07A0E12C21E718A000D596E4 /* hanasaka_timesUITests */ = {
			isa = PBXNativeTarget;
			buildConfigurationList = 07A0E13C21E718A000D596E4 /* Build configuration list for PBXNativeTarget "hanasaka_timesUITests" */;
			buildPhases = (
				738DBAAA72F500F59C5F9930 /* [CP] Check Pods Manifest.lock */,
				07A0E12921E718A000D596E4 /* Sources */,
				07A0E12A21E718A000D596E4 /* Frameworks */,
				07A0E12B21E718A000D596E4 /* Resources */,
			);
			buildRules = (
			);
			dependencies = (
				07A0E12F21E718A000D596E4 /* PBXTargetDependency */,
			);
			name = hanasaka_timesUITests;
			productName = hanasaka_timesUITests;
			productReference = 07A0E12D21E718A000D596E4 /* hanasaka_timesUITests.xctest */;
			productType = "com.apple.product-type.bundle.ui-testing";
		};
/* End PBXNativeTarget section */

/* Begin PBXProject section */
		07A0E10621E7189E00D596E4 /* Project object */ = {
			isa = PBXProject;
			attributes = {
				LastSwiftUpdateCheck = 1010;
				LastUpgradeCheck = 1010;
				ORGANIZATIONNAME = ymgn;
				TargetAttributes = {
					07A0E10D21E7189E00D596E4 = {
						CreatedOnToolsVersion = 10.1;
					};
					07A0E12121E718A000D596E4 = {
						CreatedOnToolsVersion = 10.1;
						TestTargetID = 07A0E10D21E7189E00D596E4;
					};
					07A0E12C21E718A000D596E4 = {
						CreatedOnToolsVersion = 10.1;
						TestTargetID = 07A0E10D21E7189E00D596E4;
					};
				};
			};
			buildConfigurationList = 07A0E10921E7189E00D596E4 /* Build configuration list for PBXProject "hanasaka_times" */;
			compatibilityVersion = "Xcode 9.3";
			developmentRegion = en;
			hasScannedForEncodings = 0;
			knownRegions = (
				en,
				Base,
			);
			mainGroup = 07A0E10521E7189E00D596E4;
			productRefGroup = 07A0E10F21E7189E00D596E4 /* Products */;
			projectDirPath = "";
			projectRoot = "";
			targets = (
				07A0E10D21E7189E00D596E4 /* hanasaka_times */,
				07A0E12121E718A000D596E4 /* hanasaka_timesTests */,
				07A0E12C21E718A000D596E4 /* hanasaka_timesUITests */,
			);
		};
/* End PBXProject section */

/* Begin PBXResourcesBuildPhase section */
		07A0E10C21E7189E00D596E4 /* Resources */ = {
			isa = PBXResourcesBuildPhase;
			buildActionMask = 2147483647;
			files = (
				07A0E11C21E718A000D596E4 /* LaunchScreen.storyboard in Resources */,
				07A0E11921E718A000D596E4 /* Assets.xcassets in Resources */,
				07A0E11721E7189E00D596E4 /* Main.storyboard in Resources */,
			);
			runOnlyForDeploymentPostprocessing = 0;
		};
		07A0E12021E718A000D596E4 /* Resources */ = {
			isa = PBXResourcesBuildPhase;
			buildActionMask = 2147483647;
			files = (
			);
			runOnlyForDeploymentPostprocessing = 0;
		};
		07A0E12B21E718A000D596E4 /* Resources */ = {
			isa = PBXResourcesBuildPhase;
			buildActionMask = 2147483647;
			files = (
			);
			runOnlyForDeploymentPostprocessing = 0;
		};
/* End PBXResourcesBuildPhase section */

/* Begin PBXShellScriptBuildPhase section */
		738DBAAA72F500F59C5F9930 /* [CP] Check Pods Manifest.lock */ = {
			isa = PBXShellScriptBuildPhase;
			buildActionMask = 2147483647;
			files = (
			);
			inputFileListPaths = (
			);
			inputPaths = (
				"${PODS_PODFILE_DIR_PATH}/Podfile.lock",
				"${PODS_ROOT}/Manifest.lock",
			);
			name = "[CP] Check Pods Manifest.lock";
			outputFileListPaths = (
			);
			outputPaths = (
				"$(DERIVED_FILE_DIR)/Pods-hanasaka_timesUITests-checkManifestLockResult.txt",
			);
			runOnlyForDeploymentPostprocessing = 0;
			shellPath = /bin/sh;
			shellScript = "diff \"${PODS_PODFILE_DIR_PATH}/Podfile.lock\" \"${PODS_ROOT}/Manifest.lock\" > /dev/null\nif [ $? != 0 ] ; then\n    # print error to STDERR\n    echo \"error: The sandbox is not in sync with the Podfile.lock. Run 'pod install' or update your CocoaPods installation.\" >&2\n    exit 1\nfi\n# This output is used by Xcode 'outputs' to avoid re-running this script phase.\necho \"SUCCESS\" > \"${SCRIPT_OUTPUT_FILE_0}\"\n";
			showEnvVarsInLog = 0;
		};
		9A39EC061F92CB626A55F596 /* [CP] Copy Pods Resources */ = {
			isa = PBXShellScriptBuildPhase;
			buildActionMask = 2147483647;
			files = (
			);
			inputFileListPaths = (
			);
			inputPaths = (
				"${SRCROOT}/Pods/Target Support Files/Pods-hanasaka_times/Pods-hanasaka_times-resources.sh",
				"${PODS_ROOT}/GoogleMaps/Maps/Frameworks/GoogleMaps.framework/Resources/GoogleMaps.bundle",
			);
			name = "[CP] Copy Pods Resources";
			outputFileListPaths = (
			);
			outputPaths = (
				"${TARGET_BUILD_DIR}/${UNLOCALIZED_RESOURCES_FOLDER_PATH}/GoogleMaps.bundle",
			);
			runOnlyForDeploymentPostprocessing = 0;
			shellPath = /bin/sh;
			shellScript = "\"${SRCROOT}/Pods/Target Support Files/Pods-hanasaka_times/Pods-hanasaka_times-resources.sh\"\n";
			showEnvVarsInLog = 0;
		};
		C3F3675A4C7ADA2F390B3F85 /* [CP] Check Pods Manifest.lock */ = {
			isa = PBXShellScriptBuildPhase;
			buildActionMask = 2147483647;
			files = (
			);
			inputFileListPaths = (
			);
			inputPaths = (
				"${PODS_PODFILE_DIR_PATH}/Podfile.lock",
				"${PODS_ROOT}/Manifest.lock",
			);
			name = "[CP] Check Pods Manifest.lock";
			outputFileListPaths = (
			);
			outputPaths = (
				"$(DERIVED_FILE_DIR)/Pods-hanasaka_times-checkManifestLockResult.txt",
			);
			runOnlyForDeploymentPostprocessing = 0;
			shellPath = /bin/sh;
			shellScript = "diff \"${PODS_PODFILE_DIR_PATH}/Podfile.lock\" \"${PODS_ROOT}/Manifest.lock\" > /dev/null\nif [ $? != 0 ] ; then\n    # print error to STDERR\n    echo \"error: The sandbox is not in sync with the Podfile.lock. Run 'pod install' or update your CocoaPods installation.\" >&2\n    exit 1\nfi\n# This output is used by Xcode 'outputs' to avoid re-running this script phase.\necho \"SUCCESS\" > \"${SCRIPT_OUTPUT_FILE_0}\"\n";
			showEnvVarsInLog = 0;
		};
		CCA2D9669CAA0EFE0B4CCCB6 /* [CP] Check Pods Manifest.lock */ = {
			isa = PBXShellScriptBuildPhase;
			buildActionMask = 2147483647;
			files = (
			);
			inputFileListPaths = (
			);
			inputPaths = (
				"${PODS_PODFILE_DIR_PATH}/Podfile.lock",
				"${PODS_ROOT}/Manifest.lock",
			);
			name = "[CP] Check Pods Manifest.lock";
			outputFileListPaths = (
			);
			outputPaths = (
				"$(DERIVED_FILE_DIR)/Pods-hanasaka_timesTests-checkManifestLockResult.txt",
			);
			runOnlyForDeploymentPostprocessing = 0;
			shellPath = /bin/sh;
			shellScript = "diff \"${PODS_PODFILE_DIR_PATH}/Podfile.lock\" \"${PODS_ROOT}/Manifest.lock\" > /dev/null\nif [ $? != 0 ] ; then\n    # print error to STDERR\n    echo \"error: The sandbox is not in sync with the Podfile.lock. Run 'pod install' or update your CocoaPods installation.\" >&2\n    exit 1\nfi\n# This output is used by Xcode 'outputs' to avoid re-running this script phase.\necho \"SUCCESS\" > \"${SCRIPT_OUTPUT_FILE_0}\"\n";
			showEnvVarsInLog = 0;
		};
/* End PBXShellScriptBuildPhase section */

/* Begin PBXSourcesBuildPhase section */
		07A0E10A21E7189E00D596E4 /* Sources */ = {
			isa = PBXSourcesBuildPhase;
			buildActionMask = 2147483647;
			files = (
				0709E91122143E9100B7FCC8 /* GMViewController.swift in Sources */,
				0709E90D22143D9400B7FCC8 /* Keys.swift in Sources */,
				07A0E11221E7189E00D596E4 /* AppDelegate.swift in Sources */,
			);
			runOnlyForDeploymentPostprocessing = 0;
		};
		07A0E11E21E718A000D596E4 /* Sources */ = {
			isa = PBXSourcesBuildPhase;
			buildActionMask = 2147483647;
			files = (
				07A0E12721E718A000D596E4 /* hanasaka_timesTests.swift in Sources */,
			);
			runOnlyForDeploymentPostprocessing = 0;
		};
		07A0E12921E718A000D596E4 /* Sources */ = {
			isa = PBXSourcesBuildPhase;
			buildActionMask = 2147483647;
			files = (
				07A0E13221E718A000D596E4 /* hanasaka_timesUITests.swift in Sources */,
			);
			runOnlyForDeploymentPostprocessing = 0;
		};
/* End PBXSourcesBuildPhase section */

/* Begin PBXTargetDependency section */
		07A0E12421E718A000D596E4 /* PBXTargetDependency */ = {
			isa = PBXTargetDependency;
			target = 07A0E10D21E7189E00D596E4 /* hanasaka_times */;
			targetProxy = 07A0E12321E718A000D596E4 /* PBXContainerItemProxy */;
		};
		07A0E12F21E718A000D596E4 /* PBXTargetDependency */ = {
			isa = PBXTargetDependency;
			target = 07A0E10D21E7189E00D596E4 /* hanasaka_times */;
			targetProxy = 07A0E12E21E718A000D596E4 /* PBXContainerItemProxy */;
		};
/* End PBXTargetDependency section */

/* Begin PBXVariantGroup section */
		07A0E11521E7189E00D596E4 /* Main.storyboard */ = {
			isa = PBXVariantGroup;
			children = (
				07A0E11621E7189E00D596E4 /* Base */,
			);
			name = Main.storyboard;
			sourceTree = "<group>";
		};
		07A0E11A21E718A000D596E4 /* LaunchScreen.storyboard */ = {
			isa = PBXVariantGroup;
			children = (
				07A0E11B21E718A000D596E4 /* Base */,
			);
			name = LaunchScreen.storyboard;
			sourceTree = "<group>";
		};
/* End PBXVariantGroup section */

/* Begin XCBuildConfiguration section */
		07A0E13421E718A000D596E4 /* Debug */ = {
			isa = XCBuildConfiguration;
			buildSettings = {
				ALWAYS_SEARCH_USER_PATHS = NO;
				CLANG_ANALYZER_NONNULL = YES;
				CLANG_ANALYZER_NUMBER_OBJECT_CONVERSION = YES_AGGRESSIVE;
				CLANG_CXX_LANGUAGE_STANDARD = "gnu++14";
				CLANG_CXX_LIBRARY = "libc++";
				CLANG_ENABLE_MODULES = YES;
				CLANG_ENABLE_OBJC_ARC = YES;
				CLANG_ENABLE_OBJC_WEAK = YES;
				CLANG_WARN_BLOCK_CAPTURE_AUTORELEASING = YES;
				CLANG_WARN_BOOL_CONVERSION = YES;
				CLANG_WARN_COMMA = YES;
				CLANG_WARN_CONSTANT_CONVERSION = YES;
				CLANG_WARN_DEPRECATED_OBJC_IMPLEMENTATIONS = YES;
				CLANG_WARN_DIRECT_OBJC_ISA_USAGE = YES_ERROR;
				CLANG_WARN_DOCUMENTATION_COMMENTS = YES;
				CLANG_WARN_EMPTY_BODY = YES;
				CLANG_WARN_ENUM_CONVERSION = YES;
				CLANG_WARN_INFINITE_RECURSION = YES;
				CLANG_WARN_INT_CONVERSION = YES;
				CLANG_WARN_NON_LITERAL_NULL_CONVERSION = YES;
				CLANG_WARN_OBJC_IMPLICIT_RETAIN_SELF = YES;
				CLANG_WARN_OBJC_LITERAL_CONVERSION = YES;
				CLANG_WARN_OBJC_ROOT_CLASS = YES_ERROR;
				CLANG_WARN_RANGE_LOOP_ANALYSIS = YES;
				CLANG_WARN_STRICT_PROTOTYPES = YES;
				CLANG_WARN_SUSPICIOUS_MOVE = YES;
				CLANG_WARN_UNGUARDED_AVAILABILITY = YES_AGGRESSIVE;
				CLANG_WARN_UNREACHABLE_CODE = YES;
				CLANG_WARN__DUPLICATE_METHOD_MATCH = YES;
				CODE_SIGN_IDENTITY = "iPhone Developer";
				COPY_PHASE_STRIP = NO;
				DEBUG_INFORMATION_FORMAT = dwarf;
				ENABLE_STRICT_OBJC_MSGSEND = YES;
				ENABLE_TESTABILITY = YES;
				GCC_C_LANGUAGE_STANDARD = gnu11;
				GCC_DYNAMIC_NO_PIC = NO;
				GCC_NO_COMMON_BLOCKS = YES;
				GCC_OPTIMIZATION_LEVEL = 0;
				GCC_PREPROCESSOR_DEFINITIONS = (
					"DEBUG=1",
					"$(inherited)",
				);
				GCC_WARN_64_TO_32_BIT_CONVERSION = YES;
				GCC_WARN_ABOUT_RETURN_TYPE = YES_ERROR;
				GCC_WARN_UNDECLARED_SELECTOR = YES;
				GCC_WARN_UNINITIALIZED_AUTOS = YES_AGGRESSIVE;
				GCC_WARN_UNUSED_FUNCTION = YES;
				GCC_WARN_UNUSED_VARIABLE = YES;
				IPHONEOS_DEPLOYMENT_TARGET = 12.1;
				MTL_ENABLE_DEBUG_INFO = INCLUDE_SOURCE;
				MTL_FAST_MATH = YES;
				ONLY_ACTIVE_ARCH = YES;
				SDKROOT = iphoneos;
				SWIFT_ACTIVE_COMPILATION_CONDITIONS = DEBUG;
				SWIFT_OPTIMIZATION_LEVEL = "-Onone";
			};
			name = Debug;
		};
		07A0E13521E718A000D596E4 /* Release */ = {
			isa = XCBuildConfiguration;
			buildSettings = {
				ALWAYS_SEARCH_USER_PATHS = NO;
				CLANG_ANALYZER_NONNULL = YES;
				CLANG_ANALYZER_NUMBER_OBJECT_CONVERSION = YES_AGGRESSIVE;
				CLANG_CXX_LANGUAGE_STANDARD = "gnu++14";
				CLANG_CXX_LIBRARY = "libc++";
				CLANG_ENABLE_MODULES = YES;
				CLANG_ENABLE_OBJC_ARC = YES;
				CLANG_ENABLE_OBJC_WEAK = YES;
				CLANG_WARN_BLOCK_CAPTURE_AUTORELEASING = YES;
				CLANG_WARN_BOOL_CONVERSION = YES;
				CLANG_WARN_COMMA = YES;
				CLANG_WARN_CONSTANT_CONVERSION = YES;
				CLANG_WARN_DEPRECATED_OBJC_IMPLEMENTATIONS = YES;
				CLANG_WARN_DIRECT_OBJC_ISA_USAGE = YES_ERROR;
				CLANG_WARN_DOCUMENTATION_COMMENTS = YES;
				CLANG_WARN_EMPTY_BODY = YES;
				CLANG_WARN_ENUM_CONVERSION = YES;
				CLANG_WARN_INFINITE_RECURSION = YES;
				CLANG_WARN_INT_CONVERSION = YES;
				CLANG_WARN_NON_LITERAL_NULL_CONVERSION = YES;
				CLANG_WARN_OBJC_IMPLICIT_RETAIN_SELF = YES;
				CLANG_WARN_OBJC_LITERAL_CONVERSION = YES;
				CLANG_WARN_OBJC_ROOT_CLASS = YES_ERROR;
				CLANG_WARN_RANGE_LOOP_ANALYSIS = YES;
				CLANG_WARN_STRICT_PROTOTYPES = YES;
				CLANG_WARN_SUSPICIOUS_MOVE = YES;
				CLANG_WARN_UNGUARDED_AVAILABILITY = YES_AGGRESSIVE;
				CLANG_WARN_UNREACHABLE_CODE = YES;
				CLANG_WARN__DUPLICATE_METHOD_MATCH = YES;
				CODE_SIGN_IDENTITY = "iPhone Developer";
				COPY_PHASE_STRIP = NO;
				DEBUG_INFORMATION_FORMAT = "dwarf-with-dsym";
				ENABLE_NS_ASSERTIONS = NO;
				ENABLE_STRICT_OBJC_MSGSEND = YES;
				GCC_C_LANGUAGE_STANDARD = gnu11;
				GCC_NO_COMMON_BLOCKS = YES;
				GCC_WARN_64_TO_32_BIT_CONVERSION = YES;
				GCC_WARN_ABOUT_RETURN_TYPE = YES_ERROR;
				GCC_WARN_UNDECLARED_SELECTOR = YES;
				GCC_WARN_UNINITIALIZED_AUTOS = YES_AGGRESSIVE;
				GCC_WARN_UNUSED_FUNCTION = YES;
				GCC_WARN_UNUSED_VARIABLE = YES;
				IPHONEOS_DEPLOYMENT_TARGET = 12.1;
				MTL_ENABLE_DEBUG_INFO = NO;
				MTL_FAST_MATH = YES;
				SDKROOT = iphoneos;
				SWIFT_COMPILATION_MODE = wholemodule;
				SWIFT_OPTIMIZATION_LEVEL = "-O";
				VALIDATE_PRODUCT = YES;
			};
			name = Release;
		};
		07A0E13721E718A000D596E4 /* Debug */ = {
			isa = XCBuildConfiguration;
			baseConfigurationReference = 4E2FD69754280A11FD73BA4F /* Pods-hanasaka_times.debug.xcconfig */;
			buildSettings = {
				ASSETCATALOG_COMPILER_APPICON_NAME = AppIcon;
				CODE_SIGN_STYLE = Automatic;
				DEVELOPMENT_TEAM = Z23YQJ49WW;
				INFOPLIST_FILE = hanasaka_times/Info.plist;
				LD_RUNPATH_SEARCH_PATHS = (
					"$(inherited)",
					"@executable_path/Frameworks",
				);
				PRODUCT_BUNDLE_IDENTIFIER = "com.ymgn.hanasaka-times";
				PRODUCT_NAME = "$(TARGET_NAME)";
				SWIFT_VERSION = 4.2;
				TARGETED_DEVICE_FAMILY = "1,2";
			};
			name = Debug;
		};
		07A0E13821E718A000D596E4 /* Release */ = {
			isa = XCBuildConfiguration;
			baseConfigurationReference = B0FCBC063FDB92AF156C3FC7 /* Pods-hanasaka_times.release.xcconfig */;
			buildSettings = {
				ASSETCATALOG_COMPILER_APPICON_NAME = AppIcon;
				CODE_SIGN_STYLE = Automatic;
				DEVELOPMENT_TEAM = Z23YQJ49WW;
				INFOPLIST_FILE = hanasaka_times/Info.plist;
				LD_RUNPATH_SEARCH_PATHS = (
					"$(inherited)",
					"@executable_path/Frameworks",
				);
				PRODUCT_BUNDLE_IDENTIFIER = "com.ymgn.hanasaka-times";
				PRODUCT_NAME = "$(TARGET_NAME)";
				SWIFT_VERSION = 4.2;
				TARGETED_DEVICE_FAMILY = "1,2";
			};
			name = Release;
		};
		07A0E13A21E718A000D596E4 /* Debug */ = {
			isa = XCBuildConfiguration;
			baseConfigurationReference = 76A0BB4D5FF96B70142D1383 /* Pods-hanasaka_timesTests.debug.xcconfig */;
			buildSettings = {
				ALWAYS_EMBED_SWIFT_STANDARD_LIBRARIES = YES;
				BUNDLE_LOADER = "$(TEST_HOST)";
				CODE_SIGN_STYLE = Automatic;
				DEVELOPMENT_TEAM = Z23YQJ49WW;
				INFOPLIST_FILE = hanasaka_timesTests/Info.plist;
				LD_RUNPATH_SEARCH_PATHS = (
					"$(inherited)",
					"@executable_path/Frameworks",
					"@loader_path/Frameworks",
				);
				PRODUCT_BUNDLE_IDENTIFIER = "ymgn.hanasaka-timesTests";
				PRODUCT_NAME = "$(TARGET_NAME)";
				SWIFT_VERSION = 4.2;
				TARGETED_DEVICE_FAMILY = "1,2";
				TEST_HOST = "$(BUILT_PRODUCTS_DIR)/hanasaka_times.app/hanasaka_times";
			};
			name = Debug;
		};
		07A0E13B21E718A000D596E4 /* Release */ = {
			isa = XCBuildConfiguration;
			baseConfigurationReference = 3B1A28967100B17C77C16089 /* Pods-hanasaka_timesTests.release.xcconfig */;
			buildSettings = {
				ALWAYS_EMBED_SWIFT_STANDARD_LIBRARIES = YES;
				BUNDLE_LOADER = "$(TEST_HOST)";
				CODE_SIGN_STYLE = Automatic;
				DEVELOPMENT_TEAM = Z23YQJ49WW;
				INFOPLIST_FILE = hanasaka_timesTests/Info.plist;
				LD_RUNPATH_SEARCH_PATHS = (
					"$(inherited)",
					"@executable_path/Frameworks",
					"@loader_path/Frameworks",
				);
				PRODUCT_BUNDLE_IDENTIFIER = "ymgn.hanasaka-timesTests";
				PRODUCT_NAME = "$(TARGET_NAME)";
				SWIFT_VERSION = 4.2;
				TARGETED_DEVICE_FAMILY = "1,2";
				TEST_HOST = "$(BUILT_PRODUCTS_DIR)/hanasaka_times.app/hanasaka_times";
			};
			name = Release;
		};
		07A0E13D21E718A000D596E4 /* Debug */ = {
			isa = XCBuildConfiguration;
			baseConfigurationReference = F9E78D95B58B7D268B2FFB3F /* Pods-hanasaka_timesUITests.debug.xcconfig */;
			buildSettings = {
				ALWAYS_EMBED_SWIFT_STANDARD_LIBRARIES = YES;
				CODE_SIGN_STYLE = Automatic;
				DEVELOPMENT_TEAM = Z23YQJ49WW;
				INFOPLIST_FILE = hanasaka_timesUITests/Info.plist;
				LD_RUNPATH_SEARCH_PATHS = (
					"$(inherited)",
					"@executable_path/Frameworks",
					"@loader_path/Frameworks",
				);
				PRODUCT_BUNDLE_IDENTIFIER = "ymgn.hanasaka-timesUITests";
				PRODUCT_NAME = "$(TARGET_NAME)";
				SWIFT_VERSION = 4.2;
				TARGETED_DEVICE_FAMILY = "1,2";
				TEST_TARGET_NAME = hanasaka_times;
			};
			name = Debug;
		};
		07A0E13E21E718A000D596E4 /* Release */ = {
			isa = XCBuildConfiguration;
			baseConfigurationReference = 52926CA93D3DCEDF135E17A8 /* Pods-hanasaka_timesUITests.release.xcconfig */;
			buildSettings = {
				ALWAYS_EMBED_SWIFT_STANDARD_LIBRARIES = YES;
				CODE_SIGN_STYLE = Automatic;
				DEVELOPMENT_TEAM = Z23YQJ49WW;
				INFOPLIST_FILE = hanasaka_timesUITests/Info.plist;
				LD_RUNPATH_SEARCH_PATHS = (
					"$(inherited)",
					"@executable_path/Frameworks",
					"@loader_path/Frameworks",
				);
				PRODUCT_BUNDLE_IDENTIFIER = "ymgn.hanasaka-timesUITests";
				PRODUCT_NAME = "$(TARGET_NAME)";
				SWIFT_VERSION = 4.2;
				TARGETED_DEVICE_FAMILY = "1,2";
				TEST_TARGET_NAME = hanasaka_times;
			};
			name = Release;
		};
/* End XCBuildConfiguration section */

/* Begin XCConfigurationList section */
		07A0E10921E7189E00D596E4 /* Build configuration list for PBXProject "hanasaka_times" */ = {
			isa = XCConfigurationList;
			buildConfigurations = (
				07A0E13421E718A000D596E4 /* Debug */,
				07A0E13521E718A000D596E4 /* Release */,
			);
			defaultConfigurationIsVisible = 0;
			defaultConfigurationName = Release;
		};
		07A0E13621E718A000D596E4 /* Build configuration list for PBXNativeTarget "hanasaka_times" */ = {
			isa = XCConfigurationList;
			buildConfigurations = (
				07A0E13721E718A000D596E4 /* Debug */,
				07A0E13821E718A000D596E4 /* Release */,
			);
			defaultConfigurationIsVisible = 0;
			defaultConfigurationName = Release;
		};
		07A0E13921E718A000D596E4 /* Build configuration list for PBXNativeTarget "hanasaka_timesTests" */ = {
			isa = XCConfigurationList;
			buildConfigurations = (
				07A0E13A21E718A000D596E4 /* Debug */,
				07A0E13B21E718A000D596E4 /* Release */,
			);
			defaultConfigurationIsVisible = 0;
			defaultConfigurationName = Release;
		};
		07A0E13C21E718A000D596E4 /* Build configuration list for PBXNativeTarget "hanasaka_timesUITests" */ = {
			isa = XCConfigurationList;
			buildConfigurations = (
				07A0E13D21E718A000D596E4 /* Debug */,
				07A0E13E21E718A000D596E4 /* Release */,
			);
			defaultConfigurationIsVisible = 0;
			defaultConfigurationName = Release;
		};
/* End XCConfigurationList section */
	};
	rootObject = 07A0E10621E7189E00D596E4 /* Project object */;
}
